
Microsoft Visual Studio Solution File, Format Version 12.00
# Visual Studio Version 16
VisualStudioVersion = 16.0.31321.278
MinimumVisualStudioVersion = 10.0.40219.1
Project("{FAE04EC0-301F-11D3-BF4B-00C04F79EFBC}") = "ConsoleApp", "ConsoleApp\ConsoleApp.csproj", "{D6CBF677-DD5D-4578-B82B-C73EC09D1CBF}"
EndProject
Global
	GlobalSection(SolutionConfigurationPlatforms) = preSolution
		Debug|Any CPU = Debug|Any CPU
		Release|Any CPU = Release|Any CPU
	EndGlobalSection
	GlobalSection(ProjectConfigurationPlatforms) = postSolution
		{D6CBF677-DD5D-4578-B82B-C73EC09D1CBF}.Debug|Any CPU.ActiveCfg = Debug|Any CPU
		{D6CBF677-DD5D-4578-B82B-C73EC09D1CBF}.Debug|Any CPU.Build.0 = Debug|Any CPU
		{D6CBF677-DD5D-4578-B82B-C73EC09D1CBF}.Release|Any CPU.ActiveCfg = Release|Any CPU
		{D6CBF677-DD5D-4578-B82B-C73EC09D1CBF}.Release|Any CPU.Build.0 = Release|Any CPU
	EndGlobalSection
	GlobalSection(SolutionProperties) = preSolution
		HideSolutionNode = FALSE
	EndGlobalSection
	GlobalSection(ExtensibilityGlobals) = postSolution
		SolutionGuid = {15F6C19F-94E0-41C0-A2F4-3E299F138B41}
	EndGlobalSection
EndGlobal
